
Microsoft Visual Studio Solution File, Format Version 12.00
# Visual Studio Version 17
VisualStudioVersion = 17.9.34728.123
MinimumVisualStudioVersion = 10.0.40219.1
Project("{FAE04EC0-301F-11D3-BF4B-00C04F79EFBC}") = "CathayPractices", "CathayPractices\CathayPractices.csproj", "{450AB5EC-CFD8-41B6-9F15-1EF7B94ADCA7}"
EndProject
Project("{FAE04EC0-301F-11D3-BF4B-00C04F79EFBC}") = "CathayPractices.UnitTests", "CathayPractices.UnitTests\CathayPractices.UnitTests.csproj", "{AB1526E5-A357-404B-ACF6-43E8B578B089}"
EndProject
Project("{2150E333-8FDC-42A3-9474-1A3956D46DE8}") = "Solution Items", "Solution Items", "{7ACDDB14-14BB-4BD0-B0E9-53C88E7F2EE0}"
	ProjectSection(SolutionItems) = preProject
		.editorconfig = .editorconfig
		.gitignore = .gitignore
	EndProjectSection
EndProject
Global
	GlobalSection(SolutionConfigurationPlatforms) = preSolution
		Debug|Any CPU = Debug|Any CPU
		Release|Any CPU = Release|Any CPU
	EndGlobalSection
	GlobalSection(ProjectConfigurationPlatforms) = postSolution
		{450AB5EC-CFD8-41B6-9F15-1EF7B94ADCA7}.Debug|Any CPU.ActiveCfg = Debug|Any CPU
		{450AB5EC-CFD8-41B6-9F15-1EF7B94ADCA7}.Debug|Any CPU.Build.0 = Debug|Any CPU
		{450AB5EC-CFD8-41B6-9F15-1EF7B94ADCA7}.Release|Any CPU.ActiveCfg = Release|Any CPU
		{450AB5EC-CFD8-41B6-9F15-1EF7B94ADCA7}.Release|Any CPU.Build.0 = Release|Any CPU
		{AB1526E5-A357-404B-ACF6-43E8B578B089}.Debug|Any CPU.ActiveCfg = Debug|Any CPU
		{AB1526E5-A357-404B-ACF6-43E8B578B089}.Debug|Any CPU.Build.0 = Debug|Any CPU
		{AB1526E5-A357-404B-ACF6-43E8B578B089}.Release|Any CPU.ActiveCfg = Release|Any CPU
		{AB1526E5-A357-404B-ACF6-43E8B578B089}.Release|Any CPU.Build.0 = Release|Any CPU
	EndGlobalSection
	GlobalSection(SolutionProperties) = preSolution
		HideSolutionNode = FALSE
	EndGlobalSection
	GlobalSection(ExtensibilityGlobals) = postSolution
		SolutionGuid = {4B3AE6AA-A03A-40CC-9701-D246EFE8C712}
	EndGlobalSection
EndGlobal
